
Microsoft Visual Studio Solution File, Format Version 12.00
# Visual Studio Version 17
VisualStudioVersion = 17.4.33213.308
MinimumVisualStudioVersion = 10.0.40219.1
Project("{2150E333-8FDC-42A3-9474-1A3956D46DE8}") = "Application", "Application", "{B567153D-EF2F-498E-A733-F5C9E4D2452A}"
EndProject
Project("{2150E333-8FDC-42A3-9474-1A3956D46DE8}") = "Infrastructure", "Infrastructure", "{EBEA7C96-5AF2-4FE6-8591-1A59000AEBD9}"
EndProject
Project("{2150E333-8FDC-42A3-9474-1A3956D46DE8}") = "Payers", "Payers", "{BBC1FF08-B439-46A1-985D-939341284E4D}"
EndProject
Project("{2150E333-8FDC-42A3-9474-1A3956D46DE8}") = "Potatoes", "Potatoes", "{915EE3A1-69B4-4FF1-BF34-2826BC8B958C}"
EndProject
Project("{9A19103F-16F7-4668-BE54-9A1E7A4F7556}") = "Payers.Domain", "src\Application\Payers\Domain\Payers.Domain\Payers.Domain.csproj", "{D97D7F7C-654F-45C1-862F-0937F0EDEE66}"
EndProject
Project("{9A19103F-16F7-4668-BE54-9A1E7A4F7556}") = "Payers.UseCases", "src\Application\Payers\UseCases\Payers.UseCases\Payers.UseCases.csproj", "{C60A6BDB-E77E-4C64-BF97-03255443A340}"
EndProject
Project("{9A19103F-16F7-4668-BE54-9A1E7A4F7556}") = "Potatoes.Domain", "src\Application\Potatoes\Domain\Potatoes.Domain\Potatoes.Domain.csproj", "{5E5B83E3-B119-4742-ADDB-ECAA9365550D}"
EndProject
Project("{9A19103F-16F7-4668-BE54-9A1E7A4F7556}") = "Potatoes.UseCases", "src\Application\Potatoes\UseCases\Potatoes.UseCases\Potatoes.UseCases.csproj", "{1588C75D-4DE0-4627-ABB6-61B9A55D1DC0}"
EndProject
Project("{9A19103F-16F7-4668-BE54-9A1E7A4F7556}") = "CostEmbursedHospitalCare", "src\Infrastructure\Application\CostEmbursedHospitalCare.csproj", "{9E9C3E3B-B105-459C-9907-84612E910078}"
EndProject
Project("{2150E333-8FDC-42A3-9474-1A3956D46DE8}") = "OutAdapters", "OutAdapters", "{845CA56A-B08F-42FF-9648-66B011C87A44}"
EndProject
Project("{9A19103F-16F7-4668-BE54-9A1E7A4F7556}") = "Payers.Ports", "src\Application\Payers\Contracts\Payers.Contracts\Payers.Ports.csproj", "{B2EF66EE-5679-4394-95AD-96268DA230DD}"
EndProject
Project("{2150E333-8FDC-42A3-9474-1A3956D46DE8}") = "InAdapters", "InAdapters", "{C549BFA5-F6B6-44B8-9992-D56D3A6D9C2B}"
EndProject
Project("{9A19103F-16F7-4668-BE54-9A1E7A4F7556}") = "Potatoes.Ports", "src\Application\Potatoes\Ports\Potatoes.Ports\Potatoes.Ports.csproj", "{BAB8140E-BD15-4C95-8123-9D58DDD6CB21}"
EndProject
Project("{2150E333-8FDC-42A3-9474-1A3956D46DE8}") = "Tests", "Tests", "{F287D501-1817-439D-8891-9BE2B87529BB}"
EndProject
Project("{9A19103F-16F7-4668-BE54-9A1E7A4F7556}") = "Unit.Tests", "tests\Unit.Tests\Unit.Tests.csproj", "{421C9B3A-D100-4B67-9AFC-2C62B5D07EE4}"
EndProject
Project("{9A19103F-16F7-4668-BE54-9A1E7A4F7556}") = "Payers.Facade", "src\Application\Payers\Facade\Payers.Facade\Payers.Facade.csproj", "{108CBD22-F60B-42E5-A51E-214C31295D14}"
EndProject
Project("{9A19103F-16F7-4668-BE54-9A1E7A4F7556}") = "Potatoes.Facade", "src\Application\Potatoes\Facade\Potatoes.Facade\Potatoes.Facade.csproj", "{8DC96CAA-0288-412D-8155-79B6CBD0A5CD}"
EndProject
Project("{9A19103F-16F7-4668-BE54-9A1E7A4F7556}") = "PotatoRestApi", "src\Infrastructure\InAdapters\PotatoRestApi\PotatoRestApi.csproj", "{C8362E3C-106E-440F-A35F-3692A9490373}"
EndProject
Project("{9A19103F-16F7-4668-BE54-9A1E7A4F7556}") = "KppHttp", "src\Infrastructure\OutAdapters\KppHttp\KppHttp.csproj", "{4EAC9054-70DE-47BE-8903-2D33B2F44AB3}"
EndProject
Project("{9A19103F-16F7-4668-BE54-9A1E7A4F7556}") = "PayerPotatoSqlDatabase", "src\Infrastructure\OutAdapters\PayerPotatoSqlDatabase\PayerPotatoSqlDatabase.csproj", "{05AE5B33-3EA5-48A6-B7E5-AE3F33273FF0}"
EndProject
Project("{9A19103F-16F7-4668-BE54-9A1E7A4F7556}") = "PayerSystem", "src\Infrastructure\OutAdapters\PayerSystem\PayerSystem.csproj", "{F99F687B-4B81-4CB1-B852-C0F1481A6796}"
EndProject
Global
	GlobalSection(SolutionConfigurationPlatforms) = preSolution
		Debug|Any CPU = Debug|Any CPU
		Release|Any CPU = Release|Any CPU
	EndGlobalSection
	GlobalSection(ProjectConfigurationPlatforms) = postSolution
		{D97D7F7C-654F-45C1-862F-0937F0EDEE66}.Debug|Any CPU.ActiveCfg = Debug|Any CPU
		{D97D7F7C-654F-45C1-862F-0937F0EDEE66}.Debug|Any CPU.Build.0 = Debug|Any CPU
		{D97D7F7C-654F-45C1-862F-0937F0EDEE66}.Release|Any CPU.ActiveCfg = Release|Any CPU
		{D97D7F7C-654F-45C1-862F-0937F0EDEE66}.Release|Any CPU.Build.0 = Release|Any CPU
		{C60A6BDB-E77E-4C64-BF97-03255443A340}.Debug|Any CPU.ActiveCfg = Debug|Any CPU
		{C60A6BDB-E77E-4C64-BF97-03255443A340}.Debug|Any CPU.Build.0 = Debug|Any CPU
		{C60A6BDB-E77E-4C64-BF97-03255443A340}.Release|Any CPU.ActiveCfg = Release|Any CPU
		{C60A6BDB-E77E-4C64-BF97-03255443A340}.Release|Any CPU.Build.0 = Release|Any CPU
		{5E5B83E3-B119-4742-ADDB-ECAA9365550D}.Debug|Any CPU.ActiveCfg = Debug|Any CPU
		{5E5B83E3-B119-4742-ADDB-ECAA9365550D}.Debug|Any CPU.Build.0 = Debug|Any CPU
		{5E5B83E3-B119-4742-ADDB-ECAA9365550D}.Release|Any CPU.ActiveCfg = Release|Any CPU
		{5E5B83E3-B119-4742-ADDB-ECAA9365550D}.Release|Any CPU.Build.0 = Release|Any CPU
		{1588C75D-4DE0-4627-ABB6-61B9A55D1DC0}.Debug|Any CPU.ActiveCfg = Debug|Any CPU
		{1588C75D-4DE0-4627-ABB6-61B9A55D1DC0}.Debug|Any CPU.Build.0 = Debug|Any CPU
		{1588C75D-4DE0-4627-ABB6-61B9A55D1DC0}.Release|Any CPU.ActiveCfg = Release|Any CPU
		{1588C75D-4DE0-4627-ABB6-61B9A55D1DC0}.Release|Any CPU.Build.0 = Release|Any CPU
		{9E9C3E3B-B105-459C-9907-84612E910078}.Debug|Any CPU.ActiveCfg = Debug|Any CPU
		{9E9C3E3B-B105-459C-9907-84612E910078}.Debug|Any CPU.Build.0 = Debug|Any CPU
		{9E9C3E3B-B105-459C-9907-84612E910078}.Release|Any CPU.ActiveCfg = Release|Any CPU
		{9E9C3E3B-B105-459C-9907-84612E910078}.Release|Any CPU.Build.0 = Release|Any CPU
		{B2EF66EE-5679-4394-95AD-96268DA230DD}.Debug|Any CPU.ActiveCfg = Debug|Any CPU
		{B2EF66EE-5679-4394-95AD-96268DA230DD}.Debug|Any CPU.Build.0 = Debug|Any CPU
		{B2EF66EE-5679-4394-95AD-96268DA230DD}.Release|Any CPU.ActiveCfg = Release|Any CPU
		{B2EF66EE-5679-4394-95AD-96268DA230DD}.Release|Any CPU.Build.0 = Release|Any CPU
		{BAB8140E-BD15-4C95-8123-9D58DDD6CB21}.Debug|Any CPU.ActiveCfg = Debug|Any CPU
		{BAB8140E-BD15-4C95-8123-9D58DDD6CB21}.Debug|Any CPU.Build.0 = Debug|Any CPU
		{BAB8140E-BD15-4C95-8123-9D58DDD6CB21}.Release|Any CPU.ActiveCfg = Release|Any CPU
		{BAB8140E-BD15-4C95-8123-9D58DDD6CB21}.Release|Any CPU.Build.0 = Release|Any CPU
		{421C9B3A-D100-4B67-9AFC-2C62B5D07EE4}.Debug|Any CPU.ActiveCfg = Debug|Any CPU
		{421C9B3A-D100-4B67-9AFC-2C62B5D07EE4}.Debug|Any CPU.Build.0 = Debug|Any CPU
		{421C9B3A-D100-4B67-9AFC-2C62B5D07EE4}.Release|Any CPU.ActiveCfg = Release|Any CPU
		{421C9B3A-D100-4B67-9AFC-2C62B5D07EE4}.Release|Any CPU.Build.0 = Release|Any CPU
		{108CBD22-F60B-42E5-A51E-214C31295D14}.Debug|Any CPU.ActiveCfg = Debug|Any CPU
		{108CBD22-F60B-42E5-A51E-214C31295D14}.Debug|Any CPU.Build.0 = Debug|Any CPU
		{108CBD22-F60B-42E5-A51E-214C31295D14}.Release|Any CPU.ActiveCfg = Release|Any CPU
		{108CBD22-F60B-42E5-A51E-214C31295D14}.Release|Any CPU.Build.0 = Release|Any CPU
		{8DC96CAA-0288-412D-8155-79B6CBD0A5CD}.Debug|Any CPU.ActiveCfg = Debug|Any CPU
		{8DC96CAA-0288-412D-8155-79B6CBD0A5CD}.Debug|Any CPU.Build.0 = Debug|Any CPU
		{8DC96CAA-0288-412D-8155-79B6CBD0A5CD}.Release|Any CPU.ActiveCfg = Release|Any CPU
		{8DC96CAA-0288-412D-8155-79B6CBD0A5CD}.Release|Any CPU.Build.0 = Release|Any CPU
		{C8362E3C-106E-440F-A35F-3692A9490373}.Debug|Any CPU.ActiveCfg = Debug|Any CPU
		{C8362E3C-106E-440F-A35F-3692A9490373}.Debug|Any CPU.Build.0 = Debug|Any CPU
		{C8362E3C-106E-440F-A35F-3692A9490373}.Release|Any CPU.ActiveCfg = Release|Any CPU
		{C8362E3C-106E-440F-A35F-3692A9490373}.Release|Any CPU.Build.0 = Release|Any CPU
		{4EAC9054-70DE-47BE-8903-2D33B2F44AB3}.Debug|Any CPU.ActiveCfg = Debug|Any CPU
		{4EAC9054-70DE-47BE-8903-2D33B2F44AB3}.Debug|Any CPU.Build.0 = Debug|Any CPU
		{4EAC9054-70DE-47BE-8903-2D33B2F44AB3}.Release|Any CPU.ActiveCfg = Release|Any CPU
		{4EAC9054-70DE-47BE-8903-2D33B2F44AB3}.Release|Any CPU.Build.0 = Release|Any CPU
		{05AE5B33-3EA5-48A6-B7E5-AE3F33273FF0}.Debug|Any CPU.ActiveCfg = Debug|Any CPU
		{05AE5B33-3EA5-48A6-B7E5-AE3F33273FF0}.Debug|Any CPU.Build.0 = Debug|Any CPU
		{05AE5B33-3EA5-48A6-B7E5-AE3F33273FF0}.Release|Any CPU.ActiveCfg = Release|Any CPU
		{05AE5B33-3EA5-48A6-B7E5-AE3F33273FF0}.Release|Any CPU.Build.0 = Release|Any CPU
		{F99F687B-4B81-4CB1-B852-C0F1481A6796}.Debug|Any CPU.ActiveCfg = Debug|Any CPU
		{F99F687B-4B81-4CB1-B852-C0F1481A6796}.Debug|Any CPU.Build.0 = Debug|Any CPU
		{F99F687B-4B81-4CB1-B852-C0F1481A6796}.Release|Any CPU.ActiveCfg = Release|Any CPU
		{F99F687B-4B81-4CB1-B852-C0F1481A6796}.Release|Any CPU.Build.0 = Release|Any CPU
	EndGlobalSection
	GlobalSection(SolutionProperties) = preSolution
		HideSolutionNode = FALSE
	EndGlobalSection
	GlobalSection(NestedProjects) = preSolution
		{BBC1FF08-B439-46A1-985D-939341284E4D} = {B567153D-EF2F-498E-A733-F5C9E4D2452A}
		{915EE3A1-69B4-4FF1-BF34-2826BC8B958C} = {B567153D-EF2F-498E-A733-F5C9E4D2452A}
		{D97D7F7C-654F-45C1-862F-0937F0EDEE66} = {BBC1FF08-B439-46A1-985D-939341284E4D}
		{C60A6BDB-E77E-4C64-BF97-03255443A340} = {BBC1FF08-B439-46A1-985D-939341284E4D}
		{5E5B83E3-B119-4742-ADDB-ECAA9365550D} = {915EE3A1-69B4-4FF1-BF34-2826BC8B958C}
		{1588C75D-4DE0-4627-ABB6-61B9A55D1DC0} = {915EE3A1-69B4-4FF1-BF34-2826BC8B958C}
		{9E9C3E3B-B105-459C-9907-84612E910078} = {EBEA7C96-5AF2-4FE6-8591-1A59000AEBD9}
		{845CA56A-B08F-42FF-9648-66B011C87A44} = {EBEA7C96-5AF2-4FE6-8591-1A59000AEBD9}
		{B2EF66EE-5679-4394-95AD-96268DA230DD} = {BBC1FF08-B439-46A1-985D-939341284E4D}
		{C549BFA5-F6B6-44B8-9992-D56D3A6D9C2B} = {EBEA7C96-5AF2-4FE6-8591-1A59000AEBD9}
		{BAB8140E-BD15-4C95-8123-9D58DDD6CB21} = {915EE3A1-69B4-4FF1-BF34-2826BC8B958C}
		{421C9B3A-D100-4B67-9AFC-2C62B5D07EE4} = {F287D501-1817-439D-8891-9BE2B87529BB}
		{108CBD22-F60B-42E5-A51E-214C31295D14} = {BBC1FF08-B439-46A1-985D-939341284E4D}
		{8DC96CAA-0288-412D-8155-79B6CBD0A5CD} = {915EE3A1-69B4-4FF1-BF34-2826BC8B958C}
		{C8362E3C-106E-440F-A35F-3692A9490373} = {C549BFA5-F6B6-44B8-9992-D56D3A6D9C2B}
		{4EAC9054-70DE-47BE-8903-2D33B2F44AB3} = {845CA56A-B08F-42FF-9648-66B011C87A44}
		{05AE5B33-3EA5-48A6-B7E5-AE3F33273FF0} = {845CA56A-B08F-42FF-9648-66B011C87A44}
		{F99F687B-4B81-4CB1-B852-C0F1481A6796} = {845CA56A-B08F-42FF-9648-66B011C87A44}
	EndGlobalSection
	GlobalSection(ExtensibilityGlobals) = postSolution
		SolutionGuid = {A814E834-EDE6-42EF-BA3A-3A06847F2D04}
	EndGlobalSection
EndGlobal
