
Microsoft Visual Studio Solution File, Format Version 12.00
# Visual Studio Version 17
VisualStudioVersion = 17.4.33213.308
MinimumVisualStudioVersion = 10.0.40219.1
Project("{2150E333-8FDC-42A3-9474-1A3956D46DE8}") = "Application", "Application", "{B567153D-EF2F-498E-A733-F5C9E4D2452A}"
EndProject
Project("{2150E333-8FDC-42A3-9474-1A3956D46DE8}") = "Infrastructure", "Infrastructure", "{EBEA7C96-5AF2-4FE6-8591-1A59000AEBD9}"
EndProject
Project("{2150E333-8FDC-42A3-9474-1A3956D46DE8}") = "Payers", "Payers", "{BBC1FF08-B439-46A1-985D-939341284E4D}"
EndProject
Project("{2150E333-8FDC-42A3-9474-1A3956D46DE8}") = "Potatoes", "Potatoes", "{915EE3A1-69B4-4FF1-BF34-2826BC8B958C}"
EndProject
Project("{9A19103F-16F7-4668-BE54-9A1E7A4F7556}") = "Payers.Domain", "src\Application\Payers\Domain\Payers.Domain\Payers.Domain.csproj", "{D97D7F7C-654F-45C1-862F-0937F0EDEE66}"
EndProject
Project("{9A19103F-16F7-4668-BE54-9A1E7A4F7556}") = "Payers.UseCases", "src\Application\Payers\UseCases\Payers.UseCases\Payers.UseCases.csproj", "{C60A6BDB-E77E-4C64-BF97-03255443A340}"
EndProject
Project("{9A19103F-16F7-4668-BE54-9A1E7A4F7556}") = "Payers.Application", "src\Application\Payers\Application\Payers.Application\Payers.Application.csproj", "{ACFCD6D0-ABD7-4097-8722-708DCD63D4E1}"
EndProject
Project("{9A19103F-16F7-4668-BE54-9A1E7A4F7556}") = "Potatoes.Application", "src\Application\Potatoes\Application\Potatoes.Application\Potatoes.Application.csproj", "{230EA955-27DF-4407-B83F-D87E2FFCC046}"
EndProject
Project("{9A19103F-16F7-4668-BE54-9A1E7A4F7556}") = "Potatoes.Domain", "src\Application\Potatoes\Domain\Potatoes.Domain\Potatoes.Domain.csproj", "{5E5B83E3-B119-4742-ADDB-ECAA9365550D}"
EndProject
Project("{9A19103F-16F7-4668-BE54-9A1E7A4F7556}") = "Potatoes.UseCases", "src\Application\Potatoes\UseCases\Potatoes.UseCases\Potatoes.UseCases.csproj", "{1588C75D-4DE0-4627-ABB6-61B9A55D1DC0}"
EndProject
Project("{9A19103F-16F7-4668-BE54-9A1E7A4F7556}") = "Application", "src\Infrastructure\Application\Application.csproj", "{9E9C3E3B-B105-459C-9907-84612E910078}"
EndProject
Project("{2150E333-8FDC-42A3-9474-1A3956D46DE8}") = "Adapters", "Adapters", "{845CA56A-B08F-42FF-9648-66B011C87A44}"
EndProject
Project("{9A19103F-16F7-4668-BE54-9A1E7A4F7556}") = "Database", "src\Infrastructure\Adapters\Database\Database.csproj", "{49718B0F-6687-4A87-A3AF-645A4E931212}"
EndProject
Project("{9A19103F-16F7-4668-BE54-9A1E7A4F7556}") = "Kpp", "src\Infrastructure\Adapters\Kpp\Kpp.csproj", "{74B65E7C-A989-4EEF-AB07-E99012570D74}"
EndProject
Project("{2150E333-8FDC-42A3-9474-1A3956D46DE8}") = "Ports", "Ports", "{9744AFB1-A9B8-4AA7-A75D-3B1EFD3BCC98}"
EndProject
Project("{9A19103F-16F7-4668-BE54-9A1E7A4F7556}") = "Contracts", "src\Application\Ports\Contracts\Contracts.csproj", "{26AD5D52-C10E-4017-BA25-60AD38FDF1A9}"
EndProject
Global
	GlobalSection(SolutionConfigurationPlatforms) = preSolution
		Debug|Any CPU = Debug|Any CPU
		Release|Any CPU = Release|Any CPU
	EndGlobalSection
	GlobalSection(ProjectConfigurationPlatforms) = postSolution
		{D97D7F7C-654F-45C1-862F-0937F0EDEE66}.Debug|Any CPU.ActiveCfg = Debug|Any CPU
		{D97D7F7C-654F-45C1-862F-0937F0EDEE66}.Debug|Any CPU.Build.0 = Debug|Any CPU
		{D97D7F7C-654F-45C1-862F-0937F0EDEE66}.Release|Any CPU.ActiveCfg = Release|Any CPU
		{D97D7F7C-654F-45C1-862F-0937F0EDEE66}.Release|Any CPU.Build.0 = Release|Any CPU
		{C60A6BDB-E77E-4C64-BF97-03255443A340}.Debug|Any CPU.ActiveCfg = Debug|Any CPU
		{C60A6BDB-E77E-4C64-BF97-03255443A340}.Debug|Any CPU.Build.0 = Debug|Any CPU
		{C60A6BDB-E77E-4C64-BF97-03255443A340}.Release|Any CPU.ActiveCfg = Release|Any CPU
		{C60A6BDB-E77E-4C64-BF97-03255443A340}.Release|Any CPU.Build.0 = Release|Any CPU
		{ACFCD6D0-ABD7-4097-8722-708DCD63D4E1}.Debug|Any CPU.ActiveCfg = Debug|Any CPU
		{ACFCD6D0-ABD7-4097-8722-708DCD63D4E1}.Debug|Any CPU.Build.0 = Debug|Any CPU
		{ACFCD6D0-ABD7-4097-8722-708DCD63D4E1}.Release|Any CPU.ActiveCfg = Release|Any CPU
		{ACFCD6D0-ABD7-4097-8722-708DCD63D4E1}.Release|Any CPU.Build.0 = Release|Any CPU
		{230EA955-27DF-4407-B83F-D87E2FFCC046}.Debug|Any CPU.ActiveCfg = Debug|Any CPU
		{230EA955-27DF-4407-B83F-D87E2FFCC046}.Debug|Any CPU.Build.0 = Debug|Any CPU
		{230EA955-27DF-4407-B83F-D87E2FFCC046}.Release|Any CPU.ActiveCfg = Release|Any CPU
		{230EA955-27DF-4407-B83F-D87E2FFCC046}.Release|Any CPU.Build.0 = Release|Any CPU
		{5E5B83E3-B119-4742-ADDB-ECAA9365550D}.Debug|Any CPU.ActiveCfg = Debug|Any CPU
		{5E5B83E3-B119-4742-ADDB-ECAA9365550D}.Debug|Any CPU.Build.0 = Debug|Any CPU
		{5E5B83E3-B119-4742-ADDB-ECAA9365550D}.Release|Any CPU.ActiveCfg = Release|Any CPU
		{5E5B83E3-B119-4742-ADDB-ECAA9365550D}.Release|Any CPU.Build.0 = Release|Any CPU
		{1588C75D-4DE0-4627-ABB6-61B9A55D1DC0}.Debug|Any CPU.ActiveCfg = Debug|Any CPU
		{1588C75D-4DE0-4627-ABB6-61B9A55D1DC0}.Debug|Any CPU.Build.0 = Debug|Any CPU
		{1588C75D-4DE0-4627-ABB6-61B9A55D1DC0}.Release|Any CPU.ActiveCfg = Release|Any CPU
		{1588C75D-4DE0-4627-ABB6-61B9A55D1DC0}.Release|Any CPU.Build.0 = Release|Any CPU
		{9E9C3E3B-B105-459C-9907-84612E910078}.Debug|Any CPU.ActiveCfg = Debug|Any CPU
		{9E9C3E3B-B105-459C-9907-84612E910078}.Debug|Any CPU.Build.0 = Debug|Any CPU
		{9E9C3E3B-B105-459C-9907-84612E910078}.Release|Any CPU.ActiveCfg = Release|Any CPU
		{9E9C3E3B-B105-459C-9907-84612E910078}.Release|Any CPU.Build.0 = Release|Any CPU
		{49718B0F-6687-4A87-A3AF-645A4E931212}.Debug|Any CPU.ActiveCfg = Debug|Any CPU
		{49718B0F-6687-4A87-A3AF-645A4E931212}.Debug|Any CPU.Build.0 = Debug|Any CPU
		{49718B0F-6687-4A87-A3AF-645A4E931212}.Release|Any CPU.ActiveCfg = Release|Any CPU
		{49718B0F-6687-4A87-A3AF-645A4E931212}.Release|Any CPU.Build.0 = Release|Any CPU
		{74B65E7C-A989-4EEF-AB07-E99012570D74}.Debug|Any CPU.ActiveCfg = Debug|Any CPU
		{74B65E7C-A989-4EEF-AB07-E99012570D74}.Debug|Any CPU.Build.0 = Debug|Any CPU
		{74B65E7C-A989-4EEF-AB07-E99012570D74}.Release|Any CPU.ActiveCfg = Release|Any CPU
		{74B65E7C-A989-4EEF-AB07-E99012570D74}.Release|Any CPU.Build.0 = Release|Any CPU
		{26AD5D52-C10E-4017-BA25-60AD38FDF1A9}.Debug|Any CPU.ActiveCfg = Debug|Any CPU
		{26AD5D52-C10E-4017-BA25-60AD38FDF1A9}.Debug|Any CPU.Build.0 = Debug|Any CPU
		{26AD5D52-C10E-4017-BA25-60AD38FDF1A9}.Release|Any CPU.ActiveCfg = Release|Any CPU
		{26AD5D52-C10E-4017-BA25-60AD38FDF1A9}.Release|Any CPU.Build.0 = Release|Any CPU
	EndGlobalSection
	GlobalSection(SolutionProperties) = preSolution
		HideSolutionNode = FALSE
	EndGlobalSection
	GlobalSection(NestedProjects) = preSolution
		{BBC1FF08-B439-46A1-985D-939341284E4D} = {B567153D-EF2F-498E-A733-F5C9E4D2452A}
		{915EE3A1-69B4-4FF1-BF34-2826BC8B958C} = {B567153D-EF2F-498E-A733-F5C9E4D2452A}
		{D97D7F7C-654F-45C1-862F-0937F0EDEE66} = {BBC1FF08-B439-46A1-985D-939341284E4D}
		{C60A6BDB-E77E-4C64-BF97-03255443A340} = {BBC1FF08-B439-46A1-985D-939341284E4D}
		{ACFCD6D0-ABD7-4097-8722-708DCD63D4E1} = {BBC1FF08-B439-46A1-985D-939341284E4D}
		{230EA955-27DF-4407-B83F-D87E2FFCC046} = {915EE3A1-69B4-4FF1-BF34-2826BC8B958C}
		{5E5B83E3-B119-4742-ADDB-ECAA9365550D} = {915EE3A1-69B4-4FF1-BF34-2826BC8B958C}
		{1588C75D-4DE0-4627-ABB6-61B9A55D1DC0} = {915EE3A1-69B4-4FF1-BF34-2826BC8B958C}
		{9E9C3E3B-B105-459C-9907-84612E910078} = {EBEA7C96-5AF2-4FE6-8591-1A59000AEBD9}
		{845CA56A-B08F-42FF-9648-66B011C87A44} = {EBEA7C96-5AF2-4FE6-8591-1A59000AEBD9}
		{49718B0F-6687-4A87-A3AF-645A4E931212} = {845CA56A-B08F-42FF-9648-66B011C87A44}
		{74B65E7C-A989-4EEF-AB07-E99012570D74} = {845CA56A-B08F-42FF-9648-66B011C87A44}
		{9744AFB1-A9B8-4AA7-A75D-3B1EFD3BCC98} = {B567153D-EF2F-498E-A733-F5C9E4D2452A}
		{26AD5D52-C10E-4017-BA25-60AD38FDF1A9} = {9744AFB1-A9B8-4AA7-A75D-3B1EFD3BCC98}
	EndGlobalSection
	GlobalSection(ExtensibilityGlobals) = postSolution
		SolutionGuid = {A814E834-EDE6-42EF-BA3A-3A06847F2D04}
	EndGlobalSection
EndGlobal
